
Microsoft Visual Studio Solution File, Format Version 12.00
# Visual Studio Version 16
VisualStudioVersion = 16.0.32602.291
MinimumVisualStudioVersion = 10.0.40219.1
Project("{FAE04EC0-301F-11D3-BF4B-00C04F79EFBC}") = "subaru", "subaru\subaru.csproj", "{BCD6EC46-2492-439C-953A-25638642E6DC}"
EndProject
Global
	GlobalSection(SolutionConfigurationPlatforms) = preSolution
		Debug|Any CPU = Debug|Any CPU
		Release|Any CPU = Release|Any CPU
	EndGlobalSection
	GlobalSection(ProjectConfigurationPlatforms) = postSolution
		{BCD6EC46-2492-439C-953A-25638642E6DC}.Debug|Any CPU.ActiveCfg = Debug|Any CPU
		{BCD6EC46-2492-439C-953A-25638642E6DC}.Debug|Any CPU.Build.0 = Debug|Any CPU
		{BCD6EC46-2492-439C-953A-25638642E6DC}.Release|Any CPU.ActiveCfg = Release|Any CPU
		{BCD6EC46-2492-439C-953A-25638642E6DC}.Release|Any CPU.Build.0 = Release|Any CPU
	EndGlobalSection
	GlobalSection(SolutionProperties) = preSolution
		HideSolutionNode = FALSE
	EndGlobalSection
	GlobalSection(ExtensibilityGlobals) = postSolution
		SolutionGuid = {5242DCF8-FFA5-4556-BE5B-E07C864C0646}
	EndGlobalSection
EndGlobal
